
Microsoft Visual Studio Solution File, Format Version 12.00
# Visual Studio Version 17
VisualStudioVersion = 17.14.36915.13
MinimumVisualStudioVersion = 10.0.40219.1
Project("{2150E333-8FDC-42A3-9474-1A3956D46DE8}") = "Code", "Code", "{02EA681E-C7D8-13C7-8484-4AC65E1B71E8}"
	ProjectSection(SolutionItems) = preProject
		Shared\Components\EditorAdapter.cs = Shared\Components\EditorAdapter.cs
	EndProjectSection
EndProject
Project("{2150E333-8FDC-42A3-9474-1A3956D46DE8}") = "Soft", "Soft", "{A1BF1C27-137F-4C28-88B3-BFF5E13BB113}"
EndProject
Project("{2150E333-8FDC-42A3-9474-1A3956D46DE8}") = "Tests", "Tests", "{45F4668C-4037-4B0F-9CED-B5F782454D11}"
EndProject
Project("{FAE04EC0-301F-11D3-BF4B-00C04F79EFBC}") = "Aids", "Code\Aids\Aids.csproj", "{E475D507-413F-8FF3-A4B4-C5DF5BD4DC04}"
EndProject
Project("{FAE04EC0-301F-11D3-BF4B-00C04F79EFBC}") = "Data", "Code\Data\Data.csproj", "{8EB5AF1E-2E1F-C4E7-DA22-399A8332FE5C}"
EndProject
Project("{FAE04EC0-301F-11D3-BF4B-00C04F79EFBC}") = "Infra", "Code\Infra\Infra.csproj", "{80736B21-183C-2E8B-AF64-187BAD668836}"
EndProject
Project("{FAE04EC0-301F-11D3-BF4B-00C04F79EFBC}") = "Logic", "Code\Logic\Logic.csproj", "{1E6E7DFF-D631-5E88-02E3-BEAC134A7103}"
EndProject
Project("{FAE04EC0-301F-11D3-BF4B-00C04F79EFBC}") = "Razor", "Code\Razor\Razor.csproj", "{493A9093-38F1-E45A-95BF-93D34364516D}"
EndProject
Project("{2150E333-8FDC-42A3-9474-1A3956D46DE8}") = "Todo", "Todo", "{8C239728-2AAF-41DF-B424-18CD1327172E}"
EndProject
Project("{FAE04EC0-301F-11D3-BF4B-00C04F79EFBC}") = "Todo", "Soft\Todo\Server\Todo.csproj", "{3762736B-8963-B4E2-C275-85D37DB1745A}"
EndProject
Project("{FAE04EC0-301F-11D3-BF4B-00C04F79EFBC}") = "Todo.Client", "Soft\Todo\.Client\Todo.Client.csproj", "{6419AD2E-F981-2CAB-088F-24AC279BA4AE}"
EndProject
Project("{FAE04EC0-301F-11D3-BF4B-00C04F79EFBC}") = "Domain", "Code\Domain\Domain.csproj", "{E413AE4E-BF7C-4F94-BF5E-2A78906E0558}"
EndProject
Project("{FAE04EC0-301F-11D3-BF4B-00C04F79EFBC}") = "Jobs", "Code\Jobs\Jobs.csproj", "{4302FEEC-651F-4416-A24D-AD1BE87EEB68}"
EndProject
Project("{FAE04EC0-301F-11D3-BF4B-00C04F79EFBC}") = "Abc.Soft.Movies", "Movies\Abc.Soft.Movies.csproj", "{9B6E269F-6E03-490B-AAFE-94130E34A3DC}"
EndProject
Project("{FAE04EC0-301F-11D3-BF4B-00C04F79EFBC}") = "Abc.Soft.Movies.Client", "Abc.Soft.Movies.Client\Abc.Soft.Movies.Client.csproj", "{E8031B7D-E2D9-4E5A-B367-D5643D9B57D1}"
EndProject
Project("{2150E333-8FDC-42A3-9474-1A3956D46DE8}") = "Movie", "Movie", "{49D7C33E-DE36-423F-84E8-EAB5FB6B6A3E}"
EndProject
Project("{FAE04EC0-301F-11D3-BF4B-00C04F79EFBC}") = "Shared", "Shared\Shared.csproj", "{E2E8D740-3D4B-4833-9BCE-311E2562FBFC}"
EndProject
Project("{FAE04EC0-301F-11D3-BF4B-00C04F79EFBC}") = "Data", "Tests\Data\Data.csproj", "{411A7BA9-6CF9-A22F-ABBB-7ACE0F10E7B4}"
EndProject
Project("{FAE04EC0-301F-11D3-BF4B-00C04F79EFBC}") = "Aids", "Abc.Tests.Aids\Aids.csproj", "{799E23E5-6351-4664-9441-F8AA1E578A8B}"
EndProject
Global
	GlobalSection(SolutionConfigurationPlatforms) = preSolution
		Debug|Any CPU = Debug|Any CPU
		Release|Any CPU = Release|Any CPU
	EndGlobalSection
	GlobalSection(ProjectConfigurationPlatforms) = postSolution
		{E475D507-413F-8FF3-A4B4-C5DF5BD4DC04}.Debug|Any CPU.ActiveCfg = Debug|Any CPU
		{E475D507-413F-8FF3-A4B4-C5DF5BD4DC04}.Debug|Any CPU.Build.0 = Debug|Any CPU
		{E475D507-413F-8FF3-A4B4-C5DF5BD4DC04}.Release|Any CPU.ActiveCfg = Release|Any CPU
		{E475D507-413F-8FF3-A4B4-C5DF5BD4DC04}.Release|Any CPU.Build.0 = Release|Any CPU
		{8EB5AF1E-2E1F-C4E7-DA22-399A8332FE5C}.Debug|Any CPU.ActiveCfg = Debug|Any CPU
		{8EB5AF1E-2E1F-C4E7-DA22-399A8332FE5C}.Debug|Any CPU.Build.0 = Debug|Any CPU
		{8EB5AF1E-2E1F-C4E7-DA22-399A8332FE5C}.Release|Any CPU.ActiveCfg = Release|Any CPU
		{8EB5AF1E-2E1F-C4E7-DA22-399A8332FE5C}.Release|Any CPU.Build.0 = Release|Any CPU
		{80736B21-183C-2E8B-AF64-187BAD668836}.Debug|Any CPU.ActiveCfg = Debug|Any CPU
		{80736B21-183C-2E8B-AF64-187BAD668836}.Debug|Any CPU.Build.0 = Debug|Any CPU
		{80736B21-183C-2E8B-AF64-187BAD668836}.Release|Any CPU.ActiveCfg = Release|Any CPU
		{80736B21-183C-2E8B-AF64-187BAD668836}.Release|Any CPU.Build.0 = Release|Any CPU
		{1E6E7DFF-D631-5E88-02E3-BEAC134A7103}.Debug|Any CPU.ActiveCfg = Debug|Any CPU
		{1E6E7DFF-D631-5E88-02E3-BEAC134A7103}.Debug|Any CPU.Build.0 = Debug|Any CPU
		{1E6E7DFF-D631-5E88-02E3-BEAC134A7103}.Release|Any CPU.ActiveCfg = Release|Any CPU
		{1E6E7DFF-D631-5E88-02E3-BEAC134A7103}.Release|Any CPU.Build.0 = Release|Any CPU
		{493A9093-38F1-E45A-95BF-93D34364516D}.Debug|Any CPU.ActiveCfg = Debug|Any CPU
		{493A9093-38F1-E45A-95BF-93D34364516D}.Debug|Any CPU.Build.0 = Debug|Any CPU
		{493A9093-38F1-E45A-95BF-93D34364516D}.Release|Any CPU.ActiveCfg = Release|Any CPU
		{493A9093-38F1-E45A-95BF-93D34364516D}.Release|Any CPU.Build.0 = Release|Any CPU
		{3762736B-8963-B4E2-C275-85D37DB1745A}.Debug|Any CPU.ActiveCfg = Debug|Any CPU
		{3762736B-8963-B4E2-C275-85D37DB1745A}.Debug|Any CPU.Build.0 = Debug|Any CPU
		{3762736B-8963-B4E2-C275-85D37DB1745A}.Release|Any CPU.ActiveCfg = Release|Any CPU
		{3762736B-8963-B4E2-C275-85D37DB1745A}.Release|Any CPU.Build.0 = Release|Any CPU
		{6419AD2E-F981-2CAB-088F-24AC279BA4AE}.Debug|Any CPU.ActiveCfg = Debug|Any CPU
		{6419AD2E-F981-2CAB-088F-24AC279BA4AE}.Debug|Any CPU.Build.0 = Debug|Any CPU
		{6419AD2E-F981-2CAB-088F-24AC279BA4AE}.Release|Any CPU.ActiveCfg = Release|Any CPU
		{6419AD2E-F981-2CAB-088F-24AC279BA4AE}.Release|Any CPU.Build.0 = Release|Any CPU
		{E413AE4E-BF7C-4F94-BF5E-2A78906E0558}.Debug|Any CPU.ActiveCfg = Debug|Any CPU
		{E413AE4E-BF7C-4F94-BF5E-2A78906E0558}.Debug|Any CPU.Build.0 = Debug|Any CPU
		{E413AE4E-BF7C-4F94-BF5E-2A78906E0558}.Release|Any CPU.ActiveCfg = Release|Any CPU
		{E413AE4E-BF7C-4F94-BF5E-2A78906E0558}.Release|Any CPU.Build.0 = Release|Any CPU
		{4302FEEC-651F-4416-A24D-AD1BE87EEB68}.Debug|Any CPU.ActiveCfg = Debug|Any CPU
		{4302FEEC-651F-4416-A24D-AD1BE87EEB68}.Debug|Any CPU.Build.0 = Debug|Any CPU
		{4302FEEC-651F-4416-A24D-AD1BE87EEB68}.Release|Any CPU.ActiveCfg = Release|Any CPU
		{4302FEEC-651F-4416-A24D-AD1BE87EEB68}.Release|Any CPU.Build.0 = Release|Any CPU
		{9B6E269F-6E03-490B-AAFE-94130E34A3DC}.Debug|Any CPU.ActiveCfg = Debug|Any CPU
		{9B6E269F-6E03-490B-AAFE-94130E34A3DC}.Debug|Any CPU.Build.0 = Debug|Any CPU
		{9B6E269F-6E03-490B-AAFE-94130E34A3DC}.Release|Any CPU.ActiveCfg = Release|Any CPU
		{9B6E269F-6E03-490B-AAFE-94130E34A3DC}.Release|Any CPU.Build.0 = Release|Any CPU
		{E8031B7D-E2D9-4E5A-B367-D5643D9B57D1}.Debug|Any CPU.ActiveCfg = Debug|Any CPU
		{E8031B7D-E2D9-4E5A-B367-D5643D9B57D1}.Debug|Any CPU.Build.0 = Debug|Any CPU
		{E8031B7D-E2D9-4E5A-B367-D5643D9B57D1}.Release|Any CPU.ActiveCfg = Release|Any CPU
		{E8031B7D-E2D9-4E5A-B367-D5643D9B57D1}.Release|Any CPU.Build.0 = Release|Any CPU
		{E2E8D740-3D4B-4833-9BCE-311E2562FBFC}.Debug|Any CPU.ActiveCfg = Debug|Any CPU
		{E2E8D740-3D4B-4833-9BCE-311E2562FBFC}.Debug|Any CPU.Build.0 = Debug|Any CPU
		{E2E8D740-3D4B-4833-9BCE-311E2562FBFC}.Release|Any CPU.ActiveCfg = Release|Any CPU
		{E2E8D740-3D4B-4833-9BCE-311E2562FBFC}.Release|Any CPU.Build.0 = Release|Any CPU
		{411A7BA9-6CF9-A22F-ABBB-7ACE0F10E7B4}.Debug|Any CPU.ActiveCfg = Debug|Any CPU
		{411A7BA9-6CF9-A22F-ABBB-7ACE0F10E7B4}.Debug|Any CPU.Build.0 = Debug|Any CPU
		{411A7BA9-6CF9-A22F-ABBB-7ACE0F10E7B4}.Release|Any CPU.ActiveCfg = Release|Any CPU
		{411A7BA9-6CF9-A22F-ABBB-7ACE0F10E7B4}.Release|Any CPU.Build.0 = Release|Any CPU
		{799E23E5-6351-4664-9441-F8AA1E578A8B}.Debug|Any CPU.ActiveCfg = Debug|Any CPU
		{799E23E5-6351-4664-9441-F8AA1E578A8B}.Debug|Any CPU.Build.0 = Debug|Any CPU
		{799E23E5-6351-4664-9441-F8AA1E578A8B}.Release|Any CPU.ActiveCfg = Release|Any CPU
		{799E23E5-6351-4664-9441-F8AA1E578A8B}.Release|Any CPU.Build.0 = Release|Any CPU
	EndGlobalSection
	GlobalSection(SolutionProperties) = preSolution
		HideSolutionNode = FALSE
	EndGlobalSection
	GlobalSection(NestedProjects) = preSolution
		{E475D507-413F-8FF3-A4B4-C5DF5BD4DC04} = {02EA681E-C7D8-13C7-8484-4AC65E1B71E8}
		{8EB5AF1E-2E1F-C4E7-DA22-399A8332FE5C} = {02EA681E-C7D8-13C7-8484-4AC65E1B71E8}
		{80736B21-183C-2E8B-AF64-187BAD668836} = {02EA681E-C7D8-13C7-8484-4AC65E1B71E8}
		{1E6E7DFF-D631-5E88-02E3-BEAC134A7103} = {02EA681E-C7D8-13C7-8484-4AC65E1B71E8}
		{493A9093-38F1-E45A-95BF-93D34364516D} = {02EA681E-C7D8-13C7-8484-4AC65E1B71E8}
		{8C239728-2AAF-41DF-B424-18CD1327172E} = {A1BF1C27-137F-4C28-88B3-BFF5E13BB113}
		{3762736B-8963-B4E2-C275-85D37DB1745A} = {8C239728-2AAF-41DF-B424-18CD1327172E}
		{6419AD2E-F981-2CAB-088F-24AC279BA4AE} = {8C239728-2AAF-41DF-B424-18CD1327172E}
		{E413AE4E-BF7C-4F94-BF5E-2A78906E0558} = {02EA681E-C7D8-13C7-8484-4AC65E1B71E8}
		{4302FEEC-651F-4416-A24D-AD1BE87EEB68} = {02EA681E-C7D8-13C7-8484-4AC65E1B71E8}
		{9B6E269F-6E03-490B-AAFE-94130E34A3DC} = {49D7C33E-DE36-423F-84E8-EAB5FB6B6A3E}
		{E8031B7D-E2D9-4E5A-B367-D5643D9B57D1} = {49D7C33E-DE36-423F-84E8-EAB5FB6B6A3E}
		{49D7C33E-DE36-423F-84E8-EAB5FB6B6A3E} = {A1BF1C27-137F-4C28-88B3-BFF5E13BB113}
		{E2E8D740-3D4B-4833-9BCE-311E2562FBFC} = {02EA681E-C7D8-13C7-8484-4AC65E1B71E8}
		{411A7BA9-6CF9-A22F-ABBB-7ACE0F10E7B4} = {45F4668C-4037-4B0F-9CED-B5F782454D11}
		{799E23E5-6351-4664-9441-F8AA1E578A8B} = {45F4668C-4037-4B0F-9CED-B5F782454D11}
	EndGlobalSection
	GlobalSection(ExtensibilityGlobals) = postSolution
		SolutionGuid = {E33F8AB4-309B-42D0-8D0A-D007A9B32B56}
	EndGlobalSection
EndGlobal
